// !$*UTF8*$!
{
	archiveVersion = 1;
	classes = {
	};
	objectVersion = 50;
	objects = {

/* Begin PBXBuildFile section */
		472CDAF6220064F1009A997F /* AppDelegate.swift in Sources */ = {isa = PBXBuildFile; fileRef = 472CDAF5220064F1009A997F /* AppDelegate.swift */; };
		472CDAFB220064F1009A997F /* Main.storyboard in Resources */ = {isa = PBXBuildFile; fileRef = 472CDAF9220064F1009A997F /* Main.storyboard */; };
		472CDAFE220064F1009A997F /* Ideas.xcdatamodeld in Sources */ = {isa = PBXBuildFile; fileRef = 472CDAFC220064F1009A997F /* Ideas.xcdatamodeld */; };
		472CDB00220064F3009A997F /* Assets.xcassets in Resources */ = {isa = PBXBuildFile; fileRef = 472CDAFF220064F3009A997F /* Assets.xcassets */; };
		472CDB03220064F3009A997F /* LaunchScreen.storyboard in Resources */ = {isa = PBXBuildFile; fileRef = 472CDB01220064F3009A997F /* LaunchScreen.storyboard */; };
		472CDB0F22006750009A997F /* NotesVC.swift in Sources */ = {isa = PBXBuildFile; fileRef = 472CDB0E22006750009A997F /* NotesVC.swift */; };
		472CDB1322008F97009A997F /* UpdateNotesVC.swift in Sources */ = {isa = PBXBuildFile; fileRef = 472CDB1222008F97009A997F /* UpdateNotesVC.swift */; };
/* End PBXBuildFile section */

/* Begin PBXFileReference section */
		472CDAF2220064F1009A997F /* Ideas.app */ = {isa = PBXFileReference; explicitFileType = wrapper.application; includeInIndex = 0; path = Ideas.app; sourceTree = BUILT_PRODUCTS_DIR; };
		472CDAF5220064F1009A997F /* AppDelegate.swift */ = {isa = PBXFileReference; lastKnownFileType = sourcecode.swift; path = AppDelegate.swift; sourceTree = "<group>"; };
		472CDAFA220064F1009A997F /* Base */ = {isa = PBXFileReference; lastKnownFileType = file.storyboard; name = Base; path = Base.lproj/Main.storyboard; sourceTree = "<group>"; };
		472CDAFD220064F1009A997F /* Ideas.xcdatamodel */ = {isa = PBXFileReference; lastKnownFileType = wrapper.xcdatamodel; path = Ideas.xcdatamodel; sourceTree = "<group>"; };
		472CDAFF220064F3009A997F /* Assets.xcassets */ = {isa = PBXFileReference; lastKnownFileType = folder.assetcatalog; path = Assets.xcassets; sourceTree = "<group>"; };
		472CDB02220064F3009A997F /* Base */ = {isa = PBXFileReference; lastKnownFileType = file.storyboard; name = Base; path = Base.lproj/LaunchScreen.storyboard; sourceTree = "<group>"; };
		472CDB04220064F3009A997F /* Info.plist */ = {isa = PBXFileReference; lastKnownFileType = text.plist.xml; path = Info.plist; sourceTree = "<group>"; };
		472CDB0E22006750009A997F /* NotesVC.swift */ = {isa = PBXFileReference; lastKnownFileType = sourcecode.swift; path = NotesVC.swift; sourceTree = "<group>"; };
		472CDB1222008F97009A997F /* UpdateNotesVC.swift */ = {isa = PBXFileReference; lastKnownFileType = sourcecode.swift; path = UpdateNotesVC.swift; sourceTree = "<group>"; };
/* End PBXFileReference section */

/* Begin PBXFrameworksBuildPhase section */
		472CDAEF220064F1009A997F /* Frameworks */ = {
			isa = PBXFrameworksBuildPhase;
			buildActionMask = 2147483647;
			files = (
			);
			runOnlyForDeploymentPostprocessing = 0;
		};
/* End PBXFrameworksBuildPhase section */

/* Begin PBXGroup section */
		472CDAE9220064F1009A997F = {
			isa = PBXGroup;
			children = (
				472CDAF4220064F1009A997F /* Ideas */,
				472CDAF3220064F1009A997F /* Products */,
			);
			sourceTree = "<group>";
		};
		472CDAF3220064F1009A997F /* Products */ = {
			isa = PBXGroup;
			children = (
				472CDAF2220064F1009A997F /* Ideas.app */,
			);
			name = Products;
			sourceTree = "<group>";
		};
		472CDAF4220064F1009A997F /* Ideas */ = {
			isa = PBXGroup;
			children = (
				472CDB0C22006513009A997F /* Model */,
				472CDB0B2200650C009A997F /* View */,
				472CDB0A22006504009A997F /* Controller */,
				472CDB0D220066C3009A997F /* Supporting files */,
				472CDB04220064F3009A997F /* Info.plist */,
			);
			path = Ideas;
			sourceTree = "<group>";
		};
		472CDB0A22006504009A997F /* Controller */ = {
			isa = PBXGroup;
			children = (
				472CDAF5220064F1009A997F /* AppDelegate.swift */,
				472CDB0E22006750009A997F /* NotesVC.swift */,
				472CDB1222008F97009A997F /* UpdateNotesVC.swift */,
			);
			path = Controller;
			sourceTree = "<group>";
		};
		472CDB0B2200650C009A997F /* View */ = {
			isa = PBXGroup;
			children = (
				472CDAF9220064F1009A997F /* Main.storyboard */,
			);
			path = View;
			sourceTree = "<group>";
		};
		472CDB0C22006513009A997F /* Model */ = {
			isa = PBXGroup;
			children = (
				472CDAFC220064F1009A997F /* Ideas.xcdatamodeld */,
			);
			path = Model;
			sourceTree = "<group>";
		};
		472CDB0D220066C3009A997F /* Supporting files */ = {
			isa = PBXGroup;
			children = (
				472CDAFF220064F3009A997F /* Assets.xcassets */,
				472CDB01220064F3009A997F /* LaunchScreen.storyboard */,
			);
			path = "Supporting files";
			sourceTree = "<group>";
		};
/* End PBXGroup section */

/* Begin PBXNativeTarget section */
		472CDAF1220064F1009A997F /* Ideas */ = {
			isa = PBXNativeTarget;
			buildConfigurationList = 472CDB07220064F3009A997F /* Build configuration list for PBXNativeTarget "Ideas" */;
			buildPhases = (
				472CDAEE220064F1009A997F /* Sources */,
				472CDAEF220064F1009A997F /* Frameworks */,
				472CDAF0220064F1009A997F /* Resources */,
			);
			buildRules = (
			);
			dependencies = (
			);
			name = Ideas;
			productName = Ideas;
			productReference = 472CDAF2220064F1009A997F /* Ideas.app */;
			productType = "com.apple.product-type.application";
		};
/* End PBXNativeTarget section */

/* Begin PBXProject section */
		472CDAEA220064F1009A997F /* Project object */ = {
			isa = PBXProject;
			attributes = {
				LastSwiftUpdateCheck = 1010;
				LastUpgradeCheck = 1010;
				ORGANIZATIONNAME = "tarek bahie";
				TargetAttributes = {
					472CDAF1220064F1009A997F = {
						CreatedOnToolsVersion = 10.1;
					};
				};
			};
			buildConfigurationList = 472CDAED220064F1009A997F /* Build configuration list for PBXProject "Ideas" */;
			compatibilityVersion = "Xcode 9.3";
			developmentRegion = en;
			hasScannedForEncodings = 0;
			knownRegions = (
				en,
				Base,
			);
			mainGroup = 472CDAE9220064F1009A997F;
			productRefGroup = 472CDAF3220064F1009A997F /* Products */;
			projectDirPath = "";
			projectRoot = "";
			targets = (
				472CDAF1220064F1009A997F /* Ideas */,
			);
		};
/* End PBXProject section */

/* Begin PBXResourcesBuildPhase section */
		472CDAF0220064F1009A997F /* Resources */ = {
			isa = PBXResourcesBuildPhase;
			buildActionMask = 2147483647;
			files = (
				472CDB03220064F3009A997F /* LaunchScreen.storyboard in Resources */,
				472CDB00220064F3009A997F /* Assets.xcassets in Resources */,
				472CDAFB220064F1009A997F /* Main.storyboard in Resources */,
			);
			runOnlyForDeploymentPostprocessing = 0;
		};
/* End PBXResourcesBuildPhase section */

/* Begin PBXSourcesBuildPhase section */
		472CDAEE220064F1009A997F /* Sources */ = {
			isa = PBXSourcesBuildPhase;
			buildActionMask = 2147483647;
			files = (
				472CDAFE220064F1009A997F /* Ideas.xcdatamodeld in Sources */,
				472CDB0F22006750009A997F /* NotesVC.swift in Sources */,
				472CDAF6220064F1009A997F /* AppDelegate.swift in Sources */,
				472CDB1322008F97009A997F /* UpdateNotesVC.swift in Sources */,
			);
			runOnlyForDeploymentPostprocessing = 0;
		};
/* End PBXSourcesBuildPhase section */

/* Begin PBXVariantGroup section */
		472CDAF9220064F1009A997F /* Main.storyboard */ = {
			isa = PBXVariantGroup;
			children = (
				472CDAFA220064F1009A997F /* Base */,
			);
			name = Main.storyboard;
			sourceTree = "<group>";
		};
		472CDB01220064F3009A997F /* LaunchScreen.storyboard */ = {
			isa = PBXVariantGroup;
			children = (
				472CDB02220064F3009A997F /* Base */,
			);
			name = LaunchScreen.storyboard;
			sourceTree = "<group>";
		};
/* End PBXVariantGroup section */

/* Begin XCBuildConfiguration section */
		472CDB05220064F3009A997F /* Debug */ = {
			isa = XCBuildConfiguration;
			buildSettings = {
				ALWAYS_SEARCH_USER_PATHS = NO;
				CLANG_ANALYZER_NONNULL = YES;
				CLANG_ANALYZER_NUMBER_OBJECT_CONVERSION = YES_AGGRESSIVE;
				CLANG_CXX_LANGUAGE_STANDARD = "gnu++14";
				CLANG_CXX_LIBRARY = "libc++";
				CLANG_ENABLE_MODULES = YES;
				CLANG_ENABLE_OBJC_ARC = YES;
				CLANG_ENABLE_OBJC_WEAK = YES;
				CLANG_WARN_BLOCK_CAPTURE_AUTORELEASING = YES;
				CLANG_WARN_BOOL_CONVERSION = YES;
				CLANG_WARN_COMMA = YES;
				CLANG_WARN_CONSTANT_CONVERSION = YES;
				CLANG_WARN_DEPRECATED_OBJC_IMPLEMENTATIONS = YES;
				CLANG_WARN_DIRECT_OBJC_ISA_USAGE = YES_ERROR;
				CLANG_WARN_DOCUMENTATION_COMMENTS = YES;
				CLANG_WARN_EMPTY_BODY = YES;
				CLANG_WARN_ENUM_CONVERSION = YES;
				CLANG_WARN_INFINITE_RECURSION = YES;
				CLANG_WARN_INT_CONVERSION = YES;
				CLANG_WARN_NON_LITERAL_NULL_CONVERSION = YES;
				CLANG_WARN_OBJC_IMPLICIT_RETAIN_SELF = YES;
				CLANG_WARN_OBJC_LITERAL_CONVERSION = YES;
				CLANG_WARN_OBJC_ROOT_CLASS = YES_ERROR;
				CLANG_WARN_RANGE_LOOP_ANALYSIS = YES;
				CLANG_WARN_STRICT_PROTOTYPES = YES;
				CLANG_WARN_SUSPICIOUS_MOVE = YES;
				CLANG_WARN_UNGUARDED_AVAILABILITY = YES_AGGRESSIVE;
				CLANG_WARN_UNREACHABLE_CODE = YES;
				CLANG_WARN__DUPLICATE_METHOD_MATCH = YES;
				CODE_SIGN_IDENTITY = "iPhone Developer";
				COPY_PHASE_STRIP = NO;
				DEBUG_INFORMATION_FORMAT = dwarf;
				ENABLE_STRICT_OBJC_MSGSEND = YES;
				ENABLE_TESTABILITY = YES;
				GCC_C_LANGUAGE_STANDARD = gnu11;
				GCC_DYNAMIC_NO_PIC = NO;
				GCC_NO_COMMON_BLOCKS = YES;
				GCC_OPTIMIZATION_LEVEL = 0;
				GCC_PREPROCESSOR_DEFINITIONS = (
					"DEBUG=1",
					"$(inherited)",
				);
				GCC_WARN_64_TO_32_BIT_CONVERSION = YES;
				GCC_WARN_ABOUT_RETURN_TYPE = YES_ERROR;
				GCC_WARN_UNDECLARED_SELECTOR = YES;
				GCC_WARN_UNINITIALIZED_AUTOS = YES_AGGRESSIVE;
				GCC_WARN_UNUSED_FUNCTION = YES;
				GCC_WARN_UNUSED_VARIABLE = YES;
				IPHONEOS_DEPLOYMENT_TARGET = 12.1;
				MTL_ENABLE_DEBUG_INFO = INCLUDE_SOURCE;
				MTL_FAST_MATH = YES;
				ONLY_ACTIVE_ARCH = YES;
				SDKROOT = iphoneos;
				SWIFT_ACTIVE_COMPILATION_CONDITIONS = DEBUG;
				SWIFT_OPTIMIZATION_LEVEL = "-Onone";
			};
			name = Debug;
		};
		472CDB06220064F3009A997F /* Release */ = {
			isa = XCBuildConfiguration;
			buildSettings = {
				ALWAYS_SEARCH_USER_PATHS = NO;
				CLANG_ANALYZER_NONNULL = YES;
				CLANG_ANALYZER_NUMBER_OBJECT_CONVERSION = YES_AGGRESSIVE;
				CLANG_CXX_LANGUAGE_STANDARD = "gnu++14";
				CLANG_CXX_LIBRARY = "libc++";
				CLANG_ENABLE_MODULES = YES;
				CLANG_ENABLE_OBJC_ARC = YES;
				CLANG_ENABLE_OBJC_WEAK = YES;
				CLANG_WARN_BLOCK_CAPTURE_AUTORELEASING = YES;
				CLANG_WARN_BOOL_CONVERSION = YES;
				CLANG_WARN_COMMA = YES;
				CLANG_WARN_CONSTANT_CONVERSION = YES;
				CLANG_WARN_DEPRECATED_OBJC_IMPLEMENTATIONS = YES;
				CLANG_WARN_DIRECT_OBJC_ISA_USAGE = YES_ERROR;
				CLANG_WARN_DOCUMENTATION_COMMENTS = YES;
				CLANG_WARN_EMPTY_BODY = YES;
				CLANG_WARN_ENUM_CONVERSION = YES;
				CLANG_WARN_INFINITE_RECURSION = YES;
				CLANG_WARN_INT_CONVERSION = YES;
				CLANG_WARN_NON_LITERAL_NULL_CONVERSION = YES;
				CLANG_WARN_OBJC_IMPLICIT_RETAIN_SELF = YES;
				CLANG_WARN_OBJC_LITERAL_CONVERSION = YES;
				CLANG_WARN_OBJC_ROOT_CLASS = YES_ERROR;
				CLANG_WARN_RANGE_LOOP_ANALYSIS = YES;
				CLANG_WARN_STRICT_PROTOTYPES = YES;
				CLANG_WARN_SUSPICIOUS_MOVE = YES;
				CLANG_WARN_UNGUARDED_AVAILABILITY = YES_AGGRESSIVE;
				CLANG_WARN_UNREACHABLE_CODE = YES;
				CLANG_WARN__DUPLICATE_METHOD_MATCH = YES;
				CODE_SIGN_IDENTITY = "iPhone Developer";
				COPY_PHASE_STRIP = NO;
				DEBUG_INFORMATION_FORMAT = "dwarf-with-dsym";
				ENABLE_NS_ASSERTIONS = NO;
				ENABLE_STRICT_OBJC_MSGSEND = YES;
				GCC_C_LANGUAGE_STANDARD = gnu11;
				GCC_NO_COMMON_BLOCKS = YES;
				GCC_WARN_64_TO_32_BIT_CONVERSION = YES;
				GCC_WARN_ABOUT_RETURN_TYPE = YES_ERROR;
				GCC_WARN_UNDECLARED_SELECTOR = YES;
				GCC_WARN_UNINITIALIZED_AUTOS = YES_AGGRESSIVE;
				GCC_WARN_UNUSED_FUNCTION = YES;
				GCC_WARN_UNUSED_VARIABLE = YES;
				IPHONEOS_DEPLOYMENT_TARGET = 12.1;
				MTL_ENABLE_DEBUG_INFO = NO;
				MTL_FAST_MATH = YES;
				SDKROOT = iphoneos;
				SWIFT_COMPILATION_MODE = wholemodule;
				SWIFT_OPTIMIZATION_LEVEL = "-O";
				VALIDATE_PRODUCT = YES;
			};
			name = Release;
		};
		472CDB08220064F3009A997F /* Debug */ = {
			isa = XCBuildConfiguration;
			buildSettings = {
				ASSETCATALOG_COMPILER_APPICON_NAME = AppIcon;
				CODE_SIGN_STYLE = Automatic;
				DEVELOPMENT_TEAM = LQLDC32ZJ8;
				INFOPLIST_FILE = Ideas/Info.plist;
				IPHONEOS_DEPLOYMENT_TARGET = 11.3;
				LD_RUNPATH_SEARCH_PATHS = (
					"$(inherited)",
					"@executable_path/Frameworks",
				);
				PRODUCT_BUNDLE_IDENTIFIER = com.bahie.Ideas;
				PRODUCT_NAME = "$(TARGET_NAME)";
				SWIFT_VERSION = 4.2;
				TARGETED_DEVICE_FAMILY = "1,2";
			};
			name = Debug;
		};
		472CDB09220064F3009A997F /* Release */ = {
			isa = XCBuildConfiguration;
			buildSettings = {
				ASSETCATALOG_COMPILER_APPICON_NAME = AppIcon;
				CODE_SIGN_STYLE = Automatic;
				DEVELOPMENT_TEAM = LQLDC32ZJ8;
				INFOPLIST_FILE = Ideas/Info.plist;
				IPHONEOS_DEPLOYMENT_TARGET = 11.3;
				LD_RUNPATH_SEARCH_PATHS = (
					"$(inherited)",
					"@executable_path/Frameworks",
				);
				PRODUCT_BUNDLE_IDENTIFIER = com.bahie.Ideas;
				PRODUCT_NAME = "$(TARGET_NAME)";
				SWIFT_VERSION = 4.2;
				TARGETED_DEVICE_FAMILY = "1,2";
			};
			name = Release;
		};
/* End XCBuildConfiguration section */

/* Begin XCConfigurationList section */
		472CDAED220064F1009A997F /* Build configuration list for PBXProject "Ideas" */ = {
			isa = XCConfigurationList;
			buildConfigurations = (
				472CDB05220064F3009A997F /* Debug */,
				472CDB06220064F3009A997F /* Release */,
			);
			defaultConfigurationIsVisible = 0;
			defaultConfigurationName = Release;
		};
		472CDB07220064F3009A997F /* Build configuration list for PBXNativeTarget "Ideas" */ = {
			isa = XCConfigurationList;
			buildConfigurations = (
				472CDB08220064F3009A997F /* Debug */,
				472CDB09220064F3009A997F /* Release */,
			);
			defaultConfigurationIsVisible = 0;
			defaultConfigurationName = Release;
		};
/* End XCConfigurationList section */

/* Begin XCVersionGroup section */
		472CDAFC220064F1009A997F /* Ideas.xcdatamodeld */ = {
			isa = XCVersionGroup;
			children = (
				472CDAFD220064F1009A997F /* Ideas.xcdatamodel */,
			);
			currentVersion = 472CDAFD220064F1009A997F /* Ideas.xcdatamodel */;
			path = Ideas.xcdatamodeld;
			sourceTree = "<group>";
			versionGroupType = wrapper.xcdatamodel;
		};
/* End XCVersionGroup section */
	};
	rootObject = 472CDAEA220064F1009A997F /* Project object */;
}
